// !$*UTF8*$!
{
	archiveVersion = 1;
	classes = {
	};
	objectVersion = 50;
	objects = {

/* Begin PBXBuildFile section */
		D202B57C2423FC410082A6AF /* AppDelegate.swift in Sources */ = {isa = PBXBuildFile; fileRef = D202B57B2423FC410082A6AF /* AppDelegate.swift */; };
		D202B57E2423FC410082A6AF /* SceneDelegate.swift in Sources */ = {isa = PBXBuildFile; fileRef = D202B57D2423FC410082A6AF /* SceneDelegate.swift */; };
		D202B5802423FC410082A6AF /* ViewController.swift in Sources */ = {isa = PBXBuildFile; fileRef = D202B57F2423FC410082A6AF /* ViewController.swift */; };
		D202B5832423FC420082A6AF /* Main.storyboard in Resources */ = {isa = PBXBuildFile; fileRef = D202B5812423FC410082A6AF /* Main.storyboard */; };
		D202B5852423FC460082A6AF /* Assets.xcassets in Resources */ = {isa = PBXBuildFile; fileRef = D202B5842423FC460082A6AF /* Assets.xcassets */; };
		D202B5882423FC460082A6AF /* LaunchScreen.storyboard in Resources */ = {isa = PBXBuildFile; fileRef = D202B5862423FC460082A6AF /* LaunchScreen.storyboard */; };
		D202B59124240B4A0082A6AF /* UIKit.framework in Frameworks */ = {isa = PBXBuildFile; fileRef = D202B59024240B4A0082A6AF /* UIKit.framework */; };
		D202B59324244D4D0082A6AF /* Utilities.swift in Sources */ = {isa = PBXBuildFile; fileRef = D202B59224244D4C0082A6AF /* Utilities.swift */; };
/* End PBXBuildFile section */

/* Begin PBXFileReference section */
		D202B5782423FC410082A6AF /* VidCompress.app */ = {isa = PBXFileReference; explicitFileType = wrapper.application; includeInIndex = 0; path = VidCompress.app; sourceTree = BUILT_PRODUCTS_DIR; };
		D202B57B2423FC410082A6AF /* AppDelegate.swift */ = {isa = PBXFileReference; lastKnownFileType = sourcecode.swift; path = AppDelegate.swift; sourceTree = "<group>"; };
		D202B57D2423FC410082A6AF /* SceneDelegate.swift */ = {isa = PBXFileReference; lastKnownFileType = sourcecode.swift; path = SceneDelegate.swift; sourceTree = "<group>"; };
		D202B57F2423FC410082A6AF /* ViewController.swift */ = {isa = PBXFileReference; lastKnownFileType = sourcecode.swift; path = ViewController.swift; sourceTree = "<group>"; };
		D202B5822423FC410082A6AF /* Base */ = {isa = PBXFileReference; lastKnownFileType = file.storyboard; name = Base; path = Base.lproj/Main.storyboard; sourceTree = "<group>"; };
		D202B5842423FC460082A6AF /* Assets.xcassets */ = {isa = PBXFileReference; lastKnownFileType = folder.assetcatalog; path = Assets.xcassets; sourceTree = "<group>"; };
		D202B5872423FC460082A6AF /* Base */ = {isa = PBXFileReference; lastKnownFileType = file.storyboard; name = Base; path = Base.lproj/LaunchScreen.storyboard; sourceTree = "<group>"; };
		D202B5892423FC460082A6AF /* Info.plist */ = {isa = PBXFileReference; lastKnownFileType = text.plist.xml; path = Info.plist; sourceTree = "<group>"; };
		D202B59024240B4A0082A6AF /* UIKit.framework */ = {isa = PBXFileReference; lastKnownFileType = wrapper.framework; name = UIKit.framework; path = System/Library/Frameworks/UIKit.framework; sourceTree = SDKROOT; };
		D202B59224244D4C0082A6AF /* Utilities.swift */ = {isa = PBXFileReference; lastKnownFileType = sourcecode.swift; path = Utilities.swift; sourceTree = "<group>"; };
/* End PBXFileReference section */

/* Begin PBXFrameworksBuildPhase section */
		D202B5752423FC410082A6AF /* Frameworks */ = {
			isa = PBXFrameworksBuildPhase;
			buildActionMask = 2147483647;
			files = (
				D202B59124240B4A0082A6AF /* UIKit.framework in Frameworks */,
			);
			runOnlyForDeploymentPostprocessing = 0;
		};
/* End PBXFrameworksBuildPhase section */

/* Begin PBXGroup section */
		D202B56F2423FC410082A6AF = {
			isa = PBXGroup;
			children = (
				D202B57A2423FC410082A6AF /* VidCompress */,
				D202B5792423FC410082A6AF /* Products */,
				D202B58F24240B4A0082A6AF /* Frameworks */,
			);
			sourceTree = "<group>";
		};
		D202B5792423FC410082A6AF /* Products */ = {
			isa = PBXGroup;
			children = (
				D202B5782423FC410082A6AF /* VidCompress.app */,
			);
			name = Products;
			sourceTree = "<group>";
		};
		D202B57A2423FC410082A6AF /* VidCompress */ = {
			isa = PBXGroup;
			children = (
				D202B57B2423FC410082A6AF /* AppDelegate.swift */,
				D202B57D2423FC410082A6AF /* SceneDelegate.swift */,
				D202B57F2423FC410082A6AF /* ViewController.swift */,
				D202B5812423FC410082A6AF /* Main.storyboard */,
				D202B5842423FC460082A6AF /* Assets.xcassets */,
				D202B5862423FC460082A6AF /* LaunchScreen.storyboard */,
				D202B5892423FC460082A6AF /* Info.plist */,
				D202B59224244D4C0082A6AF /* Utilities.swift */,
			);
			path = VidCompress;
			sourceTree = "<group>";
		};
		D202B58F24240B4A0082A6AF /* Frameworks */ = {
			isa = PBXGroup;
			children = (
				D202B59024240B4A0082A6AF /* UIKit.framework */,
			);
			name = Frameworks;
			sourceTree = "<group>";
		};
/* End PBXGroup section */

/* Begin PBXNativeTarget section */
		D202B5772423FC410082A6AF /* VidCompress */ = {
			isa = PBXNativeTarget;
			buildConfigurationList = D202B58C2423FC460082A6AF /* Build configuration list for PBXNativeTarget "VidCompress" */;
			buildPhases = (
				D202B5742423FC410082A6AF /* Sources */,
				D202B5752423FC410082A6AF /* Frameworks */,
				D202B5762423FC410082A6AF /* Resources */,
			);
			buildRules = (
			);
			dependencies = (
			);
			name = VidCompress;
			productName = VidCompress;
			productReference = D202B5782423FC410082A6AF /* VidCompress.app */;
			productType = "com.apple.product-type.application";
		};
/* End PBXNativeTarget section */

/* Begin PBXProject section */
		D202B5702423FC410082A6AF /* Project object */ = {
			isa = PBXProject;
			attributes = {
				LastSwiftUpdateCheck = 1130;
				LastUpgradeCheck = 1130;
				ORGANIZATIONNAME = "Scott Stahurski";
				TargetAttributes = {
					D202B5772423FC410082A6AF = {
						CreatedOnToolsVersion = 11.3.1;
					};
				};
			};
			buildConfigurationList = D202B5732423FC410082A6AF /* Build configuration list for PBXProject "VidCompress" */;
			compatibilityVersion = "Xcode 9.3";
			developmentRegion = en;
			hasScannedForEncodings = 0;
			knownRegions = (
				en,
				Base,
			);
			mainGroup = D202B56F2423FC410082A6AF;
			productRefGroup = D202B5792423FC410082A6AF /* Products */;
			projectDirPath = "";
			projectRoot = "";
			targets = (
				D202B5772423FC410082A6AF /* VidCompress */,
			);
		};
/* End PBXProject section */

/* Begin PBXResourcesBuildPhase section */
		D202B5762423FC410082A6AF /* Resources */ = {
			isa = PBXResourcesBuildPhase;
			buildActionMask = 2147483647;
			files = (
				D202B5882423FC460082A6AF /* LaunchScreen.storyboard in Resources */,
				D202B5852423FC460082A6AF /* Assets.xcassets in Resources */,
				D202B5832423FC420082A6AF /* Main.storyboard in Resources */,
			);
			runOnlyForDeploymentPostprocessing = 0;
		};
/* End PBXResourcesBuildPhase section */

/* Begin PBXSourcesBuildPhase section */
		D202B5742423FC410082A6AF /* Sources */ = {
			isa = PBXSourcesBuildPhase;
			buildActionMask = 2147483647;
			files = (
				D202B5802423FC410082A6AF /* ViewController.swift in Sources */,
				D202B57C2423FC410082A6AF /* AppDelegate.swift in Sources */,
				D202B59324244D4D0082A6AF /* Utilities.swift in Sources */,
				D202B57E2423FC410082A6AF /* SceneDelegate.swift in Sources */,
			);
			runOnlyForDeploymentPostprocessing = 0;
		};
/* End PBXSourcesBuildPhase section */

/* Begin PBXVariantGroup section */
		D202B5812423FC410082A6AF /* Main.storyboard */ = {
			isa = PBXVariantGroup;
			children = (
				D202B5822423FC410082A6AF /* Base */,
			);
			name = Main.storyboard;
			sourceTree = "<group>";
		};
		D202B5862423FC460082A6AF /* LaunchScreen.storyboard */ = {
			isa = PBXVariantGroup;
			children = (
				D202B5872423FC460082A6AF /* Base */,
			);
			name = LaunchScreen.storyboard;
			sourceTree = "<group>";
		};
/* End PBXVariantGroup section */

/* Begin XCBuildConfiguration section */
		D202B58A2423FC460082A6AF /* Debug */ = {
			isa = XCBuildConfiguration;
			buildSettings = {
				ALWAYS_SEARCH_USER_PATHS = NO;
				CLANG_ANALYZER_NONNULL = YES;
				CLANG_ANALYZER_NUMBER_OBJECT_CONVERSION = YES_AGGRESSIVE;
				CLANG_CXX_LANGUAGE_STANDARD = "gnu++14";
				CLANG_CXX_LIBRARY = "libc++";
				CLANG_ENABLE_MODULES = YES;
				CLANG_ENABLE_OBJC_ARC = YES;
				CLANG_ENABLE_OBJC_WEAK = YES;
				CLANG_WARN_BLOCK_CAPTURE_AUTORELEASING = YES;
				CLANG_WARN_BOOL_CONVERSION = YES;
				CLANG_WARN_COMMA = YES;
				CLANG_WARN_CONSTANT_CONVERSION = YES;
				CLANG_WARN_DEPRECATED_OBJC_IMPLEMENTATIONS = YES;
				CLANG_WARN_DIRECT_OBJC_ISA_USAGE = YES_ERROR;
				CLANG_WARN_DOCUMENTATION_COMMENTS = YES;
				CLANG_WARN_EMPTY_BODY = YES;
				CLANG_WARN_ENUM_CONVERSION = YES;
				CLANG_WARN_INFINITE_RECURSION = YES;
				CLANG_WARN_INT_CONVERSION = YES;
				CLANG_WARN_NON_LITERAL_NULL_CONVERSION = YES;
				CLANG_WARN_OBJC_IMPLICIT_RETAIN_SELF = YES;
				CLANG_WARN_OBJC_LITERAL_CONVERSION = YES;
				CLANG_WARN_OBJC_ROOT_CLASS = YES_ERROR;
				CLANG_WARN_RANGE_LOOP_ANALYSIS = YES;
				CLANG_WARN_STRICT_PROTOTYPES = YES;
				CLANG_WARN_SUSPICIOUS_MOVE = YES;
				CLANG_WARN_UNGUARDED_AVAILABILITY = YES_AGGRESSIVE;
				CLANG_WARN_UNREACHABLE_CODE = YES;
				CLANG_WARN__DUPLICATE_METHOD_MATCH = YES;
				COPY_PHASE_STRIP = NO;
				DEBUG_INFORMATION_FORMAT = dwarf;
				ENABLE_STRICT_OBJC_MSGSEND = YES;
				ENABLE_TESTABILITY = YES;
				GCC_C_LANGUAGE_STANDARD = gnu11;
				GCC_DYNAMIC_NO_PIC = NO;
				GCC_NO_COMMON_BLOCKS = YES;
				GCC_OPTIMIZATION_LEVEL = 0;
				GCC_PREPROCESSOR_DEFINITIONS = (
					"DEBUG=1",
					"$(inherited)",
				);
				GCC_WARN_64_TO_32_BIT_CONVERSION = YES;
				GCC_WARN_ABOUT_RETURN_TYPE = YES_ERROR;
				GCC_WARN_UNDECLARED_SELECTOR = YES;
				GCC_WARN_UNINITIALIZED_AUTOS = YES_AGGRESSIVE;
				GCC_WARN_UNUSED_FUNCTION = YES;
				GCC_WARN_UNUSED_VARIABLE = YES;
				IPHONEOS_DEPLOYMENT_TARGET = 13.2;
				MTL_ENABLE_DEBUG_INFO = INCLUDE_SOURCE;
				MTL_FAST_MATH = YES;
				ONLY_ACTIVE_ARCH = YES;
				SDKROOT = iphoneos;
				SWIFT_ACTIVE_COMPILATION_CONDITIONS = DEBUG;
				SWIFT_OPTIMIZATION_LEVEL = "-Onone";
			};
			name = Debug;
		};
		D202B58B2423FC460082A6AF /* Release */ = {
			isa = XCBuildConfiguration;
			buildSettings = {
				ALWAYS_SEARCH_USER_PATHS = NO;
				CLANG_ANALYZER_NONNULL = YES;
				CLANG_ANALYZER_NUMBER_OBJECT_CONVERSION = YES_AGGRESSIVE;
				CLANG_CXX_LANGUAGE_STANDARD = "gnu++14";
				CLANG_CXX_LIBRARY = "libc++";
				CLANG_ENABLE_MODULES = YES;
				CLANG_ENABLE_OBJC_ARC = YES;
				CLANG_ENABLE_OBJC_WEAK = YES;
				CLANG_WARN_BLOCK_CAPTURE_AUTORELEASING = YES;
				CLANG_WARN_BOOL_CONVERSION = YES;
				CLANG_WARN_COMMA = YES;
				CLANG_WARN_CONSTANT_CONVERSION = YES;
				CLANG_WARN_DEPRECATED_OBJC_IMPLEMENTATIONS = YES;
				CLANG_WARN_DIRECT_OBJC_ISA_USAGE = YES_ERROR;
				CLANG_WARN_DOCUMENTATION_COMMENTS = YES;
				CLANG_WARN_EMPTY_BODY = YES;
				CLANG_WARN_ENUM_CONVERSION = YES;
				CLANG_WARN_INFINITE_RECURSION = YES;
				CLANG_WARN_INT_CONVERSION = YES;
				CLANG_WARN_NON_LITERAL_NULL_CONVERSION = YES;
				CLANG_WARN_OBJC_IMPLICIT_RETAIN_SELF = YES;
				CLANG_WARN_OBJC_LITERAL_CONVERSION = YES;
				CLANG_WARN_OBJC_ROOT_CLASS = YES_ERROR;
				CLANG_WARN_RANGE_LOOP_ANALYSIS = YES;
				CLANG_WARN_STRICT_PROTOTYPES = YES;
				CLANG_WARN_SUSPICIOUS_MOVE = YES;
				CLANG_WARN_UNGUARDED_AVAILABILITY = YES_AGGRESSIVE;
				CLANG_WARN_UNREACHABLE_CODE = YES;
				CLANG_WARN__DUPLICATE_METHOD_MATCH = YES;
				COPY_PHASE_STRIP = NO;
				DEBUG_INFORMATION_FORMAT = "dwarf-with-dsym";
				ENABLE_NS_ASSERTIONS = NO;
				ENABLE_STRICT_OBJC_MSGSEND = YES;
				GCC_C_LANGUAGE_STANDARD = gnu11;
				GCC_NO_COMMON_BLOCKS = YES;
				GCC_WARN_64_TO_32_BIT_CONVERSION = YES;
				GCC_WARN_ABOUT_RETURN_TYPE = YES_ERROR;
				GCC_WARN_UNDECLARED_SELECTOR = YES;
				GCC_WARN_UNINITIALIZED_AUTOS = YES_AGGRESSIVE;
				GCC_WARN_UNUSED_FUNCTION = YES;
				GCC_WARN_UNUSED_VARIABLE = YES;
				IPHONEOS_DEPLOYMENT_TARGET = 13.2;
				MTL_ENABLE_DEBUG_INFO = NO;
				MTL_FAST_MATH = YES;
				SDKROOT = iphoneos;
				SWIFT_COMPILATION_MODE = wholemodule;
				SWIFT_OPTIMIZATION_LEVEL = "-O";
				VALIDATE_PRODUCT = YES;
			};
			name = Release;
		};
		D202B58D2423FC460082A6AF /* Debug */ = {
			isa = XCBuildConfiguration;
			buildSettings = {
				ASSETCATALOG_COMPILER_APPICON_NAME = AppIcon;
				CODE_SIGN_STYLE = Automatic;
				CURRENT_PROJECT_VERSION = 2;
				DEVELOPMENT_TEAM = VY9RFH2L4C;
				INFOPLIST_FILE = VidCompress/Info.plist;
				LD_RUNPATH_SEARCH_PATHS = (
					"$(inherited)",
					"@executable_path/Frameworks",
				);
				PRODUCT_BUNDLE_IDENTIFIER = com.seashellgames.VidCompress;
				PRODUCT_NAME = "$(TARGET_NAME)";
				SWIFT_VERSION = 5.0;
				TARGETED_DEVICE_FAMILY = "1,2";
			};
			name = Debug;
		};
		D202B58E2423FC460082A6AF /* Release */ = {
			isa = XCBuildConfiguration;
			buildSettings = {
				ASSETCATALOG_COMPILER_APPICON_NAME = AppIcon;
				CODE_SIGN_STYLE = Automatic;
				CURRENT_PROJECT_VERSION = 2;
				DEVELOPMENT_TEAM = VY9RFH2L4C;
				INFOPLIST_FILE = VidCompress/Info.plist;
				LD_RUNPATH_SEARCH_PATHS = (
					"$(inherited)",
					"@executable_path/Frameworks",
				);
				PRODUCT_BUNDLE_IDENTIFIER = com.seashellgames.VidCompress;
				PRODUCT_NAME = "$(TARGET_NAME)";
				SWIFT_VERSION = 5.0;
				TARGETED_DEVICE_FAMILY = "1,2";
			};
			name = Release;
		};
/* End XCBuildConfiguration section */

/* Begin XCConfigurationList section */
		D202B5732423FC410082A6AF /* Build configuration list for PBXProject "VidCompress" */ = {
			isa = XCConfigurationList;
			buildConfigurations = (
				D202B58A2423FC460082A6AF /* Debug */,
				D202B58B2423FC460082A6AF /* Release */,
			);
			defaultConfigurationIsVisible = 0;
			defaultConfigurationName = Release;
		};
		D202B58C2423FC460082A6AF /* Build configuration list for PBXNativeTarget "VidCompress" */ = {
			isa = XCConfigurationList;
			buildConfigurations = (
				D202B58D2423FC460082A6AF /* Debug */,
				D202B58E2423FC460082A6AF /* Release */,
			);
			defaultConfigurationIsVisible = 0;
			defaultConfigurationName = Release;
		};
/* End XCConfigurationList section */
	};
	rootObject = D202B5702423FC410082A6AF /* Project object */;
}
